{
  "version": 4,
  "terraform_version": "1.2.3",
  "serial": 45,
  "lineage": "4736e197-d992-cb90-a906-c55395cd718f",
  "outputs": {},
  "resources": [
    {
      "mode": "managed",
      "type": "aws_default_vpc",
      "name": "default",
      "provider": "provider[\"registry.terraform.io/hashicorp/aws\"]",
      "instances": [
        {
          "schema_version": 1,
          "attributes": {
            "arn": "arn:aws:ec2:us-east-1:443472726539:vpc/vpc-0338e8e71938c21f5",
            "assign_generated_ipv6_cidr_block": false,
            "cidr_block": "172.31.0.0/16",
            "default_network_acl_id": "acl-08fd68e297b97ce18",
            "default_route_table_id": "rtb-0701591857a51a7f1",
            "default_security_group_id": "sg-0cbc7876b715dc48a",
            "dhcp_options_id": "dopt-0f49f31ba7580108c",
            "enable_classiclink": false,
            "enable_classiclink_dns_support": false,
            "enable_dns_hostnames": true,
            "enable_dns_support": true,
            "existing_default_vpc": true,
            "force_destroy": false,
            "id": "vpc-0338e8e71938c21f5",
            "instance_tenancy": "default",
            "ipv6_association_id": "",
            "ipv6_cidr_block": "",
            "ipv6_cidr_block_network_border_group": "",
            "ipv6_ipam_pool_id": "",
            "ipv6_netmask_length": 0,
            "main_route_table_id": "rtb-0701591857a51a7f1",
            "owner_id": "443472726539",
            "tags": {
              "Name": "Default VPC"
            },
            "tags_all": {
              "Name": "Default VPC"
            }
          },
          "sensitive_attributes": [],
          "private": "eyJzY2hlbWFfdmVyc2lvbiI6IjEifQ=="
        }
      ]
    },
    {
      "mode": "managed",
      "type": "aws_eip",
      "name": "vishalshuklaeip",
      "provider": "provider[\"registry.terraform.io/hashicorp/aws\"]",
      "instances": [
        {
          "schema_version": 0,
          "attributes": {
            "address": null,
            "allocation_id": "eipalloc-07dc6252510fc3252",
            "associate_with_private_ip": null,
            "association_id": "eipassoc-0f659fcd962e48e08",
            "carrier_ip": "",
            "customer_owned_ip": "",
            "customer_owned_ipv4_pool": "",
            "domain": "vpc",
            "id": "eipalloc-07dc6252510fc3252",
            "instance": "i-0d53365232ef8ec63",
            "network_border_group": "us-east-1",
            "network_interface": "eni-09027f624b2d1d986",
            "private_dns": "ip-172-31-93-66.ec2.internal",
            "private_ip": "172.31.93.66",
            "public_dns": "ec2-44-208-44-193.compute-1.amazonaws.com",
            "public_ip": "44.208.44.193",
            "public_ipv4_pool": "amazon",
            "tags": null,
            "tags_all": {},
            "timeouts": null,
            "vpc": true
          },
          "sensitive_attributes": [],
          "private": "eyJlMmJmYjczMC1lY2FhLTExZTYtOGY4OC0zNDM2M2JjN2M0YzAiOnsiZGVsZXRlIjoxODAwMDAwMDAwMDAsInJlYWQiOjkwMDAwMDAwMDAwMCwidXBkYXRlIjozMDAwMDAwMDAwMDB9fQ==",
          "dependencies": [
            "aws_default_vpc.default",
            "aws_instance.india",
            "aws_security_group.vishalshukla"
          ]
        }
      ]
    },
    {
      "mode": "managed",
      "type": "aws_instance",
      "name": "india",
      "provider": "provider[\"registry.terraform.io/hashicorp/aws\"]",
      "instances": [
        {
          "schema_version": 1,
          "attributes": {
            "ami": "ami-0cff7528ff583bf9a",
            "arn": "arn:aws:ec2:us-east-1:443472726539:instance/i-0d53365232ef8ec63",
            "associate_public_ip_address": true,
            "availability_zone": "us-east-1b",
            "capacity_reservation_specification": [
              {
                "capacity_reservation_preference": "open",
                "capacity_reservation_target": []
              }
            ],
            "cpu_core_count": 1,
            "cpu_threads_per_core": 1,
            "credit_specification": [
              {
                "cpu_credits": "standard"
              }
            ],
            "disable_api_stop": false,
            "disable_api_termination": false,
            "ebs_block_device": [],
            "ebs_optimized": false,
            "enclave_options": [
              {
                "enabled": false
              }
            ],
            "ephemeral_block_device": [],
            "get_password_data": false,
            "hibernation": false,
            "host_id": null,
            "iam_instance_profile": "",
            "id": "i-0d53365232ef8ec63",
            "instance_initiated_shutdown_behavior": "stop",
            "instance_state": "running",
            "instance_type": "t2.micro",
            "ipv6_address_count": 0,
            "ipv6_addresses": [],
            "key_name": "VishalShukla",
            "launch_template": [],
            "maintenance_options": [
              {
                "auto_recovery": "default"
              }
            ],
            "metadata_options": [
              {
                "http_endpoint": "enabled",
                "http_put_response_hop_limit": 1,
                "http_tokens": "optional",
                "instance_metadata_tags": "disabled"
              }
            ],
            "monitoring": false,
            "network_interface": [],
            "outpost_arn": "",
            "password_data": "",
            "placement_group": "",
            "placement_partition_number": null,
            "primary_network_interface_id": "eni-09027f624b2d1d986",
            "private_dns": "ip-172-31-93-66.ec2.internal",
            "private_dns_name_options": [
              {
                "enable_resource_name_dns_a_record": false,
                "enable_resource_name_dns_aaaa_record": false,
                "hostname_type": "ip-name"
              }
            ],
            "private_ip": "172.31.93.66",
            "public_dns": "ec2-35-174-166-52.compute-1.amazonaws.com",
            "public_ip": "35.174.166.52",
            "root_block_device": [
              {
                "delete_on_termination": true,
                "device_name": "/dev/xvda",
                "encrypted": false,
                "iops": 100,
                "kms_key_id": "",
                "tags": {},
                "throughput": 0,
                "volume_id": "vol-06e1e49a0321fd2fc",
                "volume_size": 8,
                "volume_type": "gp2"
              }
            ],
            "secondary_private_ips": [],
            "security_groups": [
              "VishalShukla"
            ],
            "source_dest_check": true,
            "subnet_id": "subnet-08b6e8f1509847cb1",
            "tags": {
              "Name": "vishalshuklaindia"
            },
            "tags_all": {
              "Name": "vishalshuklaindia"
            },
            "tenancy": "default",
            "timeouts": null,
            "user_data": null,
            "user_data_base64": null,
            "user_data_replace_on_change": false,
            "volume_tags": null,
            "vpc_security_group_ids": [
              "sg-01465699a017cfe5b"
            ]
          },
          "sensitive_attributes": [],
          "private": "eyJlMmJmYjczMC1lY2FhLTExZTYtOGY4OC0zNDM2M2JjN2M0YzAiOnsiY3JlYXRlIjo2MDAwMDAwMDAwMDAsImRlbGV0ZSI6MTIwMDAwMDAwMDAwMCwidXBkYXRlIjo2MDAwMDAwMDAwMDB9LCJzY2hlbWFfdmVyc2lvbiI6IjEifQ==",
          "dependencies": [
            "aws_default_vpc.default",
            "aws_security_group.vishalshukla"
          ]
        }
      ]
    },
    {
      "mode": "managed",
      "type": "aws_key_pair",
      "name": "VishalShukla",
      "provider": "provider[\"registry.terraform.io/hashicorp/aws\"]",
      "instances": [
        {
          "schema_version": 1,
          "attributes": {
            "arn": "arn:aws:ec2:us-east-1:443472726539:key-pair/VishalShukla",
            "fingerprint": "2a:0a:69:b7:52:e5:f6:24:05:1e:ab:be:b9:ee:ed:40",
            "id": "VishalShukla",
            "key_name": "VishalShukla",
            "key_name_prefix": "",
            "key_pair_id": "key-0064dbc8c95dd4d07",
            "public_key": "ssh-rsa AAAAB3NzaC1yc2EAAAADAQABAAABgQDohCKzX+mQOtY45cGlS1aLTjADGDKh9i7zB9GsCSU+hsXU0jdXNUShhVZFSHj43Fq2j3/nh9SCaF+Wn8XjOK/LqVSDQVF/EfwPkkf8NpDY12fGp3Pghb5PiphA3PghA1Xdg557wJX6Opq491rXhN90KspE2TTMb/umgHI2IOQiNNFjEcfCN1hPgS2SCLOEq3C2sVltUt1lbsJLPf0Ucjv028UR37nokiSZbm3KakI/dd+NuXO6B4LjyhV40bZUCtOeTbxuBWdF/191BTdPLJGv6HOaA3oQ0BDqxaBz/LiXbmQRGkuzQ+QiCF3l/vJTR+fx0tavy+JMG/vDB9JbzmdeIzoZk35RlXzzJ8N6W+YTmG8ZbITxaqmy6guRqkko7812DQD8pCu/eFhXtV5yRMCGwZ3PB7aw396b4Jlp2HM0QnzBx8GyviFx10V3ZdI/Gy9TtA8n4UTvSWWrQ4pxlaqaqdINsOESH6S0Z5MW0mC16CXapcdFzPFtfq0VLWG9ZMk= root@TEQO-LT-070",
            "tags": null,
            "tags_all": {}
          },
          "sensitive_attributes": [],
          "private": "eyJzY2hlbWFfdmVyc2lvbiI6IjEifQ=="
        }
      ]
    },
    {
      "mode": "managed",
      "type": "aws_security_group",
      "name": "vishalshukla",
      "provider": "provider[\"registry.terraform.io/hashicorp/aws\"]",
      "instances": [
        {
          "schema_version": 1,
          "attributes": {
            "arn": "arn:aws:ec2:us-east-1:443472726539:security-group/sg-01465699a017cfe5b",
            "description": "Allow TLS inbound traffic",
            "egress": [
              {
                "cidr_blocks": [
                  "0.0.0.0/0"
                ],
                "description": "",
                "from_port": 0,
                "ipv6_cidr_blocks": [
                  "::/0"
                ],
                "prefix_list_ids": [],
                "protocol": "-1",
                "security_groups": [],
                "self": false,
                "to_port": 0
              }
            ],
            "id": "sg-01465699a017cfe5b",
            "ingress": [
              {
                "cidr_blocks": [
                  "0.0.0.0/0"
                ],
                "description": "TLS from VPC",
                "from_port": 443,
                "ipv6_cidr_blocks": [
                  "0.0.0.0/0"
                ],
                "prefix_list_ids": [],
                "protocol": "tcp",
                "security_groups": [],
                "self": false,
                "to_port": 443
              }
            ],
            "name": "VishalShukla",
            "name_prefix": "",
            "owner_id": "443472726539",
            "revoke_rules_on_delete": false,
            "tags": {
              "Name": "VishalShukla"
            },
            "tags_all": {
              "Name": "VishalShukla"
            },
            "timeouts": null,
            "vpc_id": "vpc-0338e8e71938c21f5"
          },
          "sensitive_attributes": [],
          "private": "eyJlMmJmYjczMC1lY2FhLTExZTYtOGY4OC0zNDM2M2JjN2M0YzAiOnsiY3JlYXRlIjo2MDAwMDAwMDAwMDAsImRlbGV0ZSI6OTAwMDAwMDAwMDAwfSwic2NoZW1hX3ZlcnNpb24iOiIxIn0=",
          "dependencies": [
            "aws_default_vpc.default"
          ]
        }
      ]
    }
  ]
}
