{
  "version": 4,
  "terraform_version": "1.2.3",
  "serial": 4,
  "lineage": "c8a294c4-0662-5428-742d-0d73903bdbe5",
  "outputs": {},
  "resources": [
    {
      "mode": "managed",
      "type": "aws_iam_access_key",
      "name": "lb",
      "provider": "provider[\"registry.terraform.io/hashicorp/aws\"]",
      "instances": [
        {
          "schema_version": 0,
          "attributes": {
            "create_date": "2022-06-28T16:27:58Z",
            "encrypted_secret": null,
            "encrypted_ses_smtp_password_v4": null,
            "id": "AKIAWOQIIZIFZCH6GCU5",
            "key_fingerprint": null,
            "pgp_key": null,
            "secret": "eePlCEOUghWnoPV90tiLs6ovRdhK2fmESqBIzriW",
            "ses_smtp_password_v4": "BAIT1fWFhY2ZCpJVSY+7o4Sz07VMb//SfKjm2XtcbxZI",
            "status": "Active",
            "user": "ram"
          },
          "sensitive_attributes": [],
          "private": "bnVsbA==",
          "dependencies": [
            "aws_iam_user.lb"
          ]
        }
      ]
    },
    {
      "mode": "managed",
      "type": "aws_iam_user",
      "name": "lb",
      "provider": "provider[\"registry.terraform.io/hashicorp/aws\"]",
      "instances": [
        {
          "schema_version": 0,
          "attributes": {
            "arn": "arn:aws:iam::443472726539:user/system/ram",
            "force_destroy": false,
            "id": "ram",
            "name": "ram",
            "path": "/system/",
            "permissions_boundary": null,
            "tags": {
              "tag-key": "account"
            },
            "tags_all": {
              "tag-key": "account"
            },
            "unique_id": "AIDAWOQIIZIFVT4PGE5H6"
          },
          "sensitive_attributes": [],
          "private": "bnVsbA=="
        }
      ]
    },
    {
      "mode": "managed",
      "type": "aws_iam_user_policy",
      "name": "lb_ro",
      "provider": "provider[\"registry.terraform.io/hashicorp/aws\"]",
      "instances": [
        {
          "schema_version": 0,
          "attributes": {
            "id": "ram:testing",
            "name": "testing",
            "name_prefix": null,
            "policy": "{\n  \"Version\": \"2012-10-17\",\n  \"Statement\": [\n    {\n      \"Action\": [\n        \"ec2:Describe*\"\n      ],\n      \"Effect\": \"Allow\",\n      \"Resource\": \"*\"\n    }\n  ]\n}\n",
            "user": "ram"
          },
          "sensitive_attributes": [],
          "private": "bnVsbA==",
          "dependencies": [
            "aws_iam_user.lb"
          ]
        }
      ]
    }
  ]
}
