{
  "version": 4,
  "terraform_version": "1.2.4",
  "serial": 11,
  "lineage": "5e0cadee-01a3-5f20-ef87-c55bc4372299",
  "outputs": {},
  "resources": [
    {
      "mode": "managed",
      "type": "aws_ebs_snapshot_copy",
      "name": "example_copy",
      "provider": "provider[\"registry.terraform.io/hashicorp/aws\"]",
      "instances": [
        {
          "schema_version": 0,
          "attributes": {
            "arn": "arn:aws:ec2:ap-south-1::snapshot/snap-0b6208fdb4542581b",
            "data_encryption_key_id": "",
            "description": "",
            "encrypted": false,
            "id": "snap-0b6208fdb4542581b",
            "kms_key_id": "",
            "outpost_arn": "",
            "owner_alias": "",
            "owner_id": "443472726539",
            "permanent_restore": null,
            "source_region": "us-east-1",
            "source_snapshot_id": "snap-0432b4f85012fbe05",
            "storage_tier": "standard",
            "tags": {
              "Name": "HelloWorld_copy_snap"
            },
            "tags_all": {
              "Name": "HelloWorld_copy_snap"
            },
            "temporary_restore_days": null,
            "timeouts": null,
            "volume_id": "vol-ffffffff",
            "volume_size": 20
          },
          "sensitive_attributes": [],
          "private": "eyJlMmJmYjczMC1lY2FhLTExZTYtOGY4OC0zNDM2M2JjN2M0YzAiOnsiY3JlYXRlIjo2MDAwMDAwMDAwMDAsImRlbGV0ZSI6NjAwMDAwMDAwMDAwfX0="
        }
      ]
    }
  ]
}
